
Microsoft Visual Studio Solution File, Format Version 12.00
# Visual Studio Version 17
VisualStudioVersion = 17.11.35327.3
MinimumVisualStudioVersion = 10.0.40219.1
Project("{FAE04EC0-301F-11D3-BF4B-00C04F79EFBC}") = "M1PartialForms", "M1PartialForms\M1PartialForms.csproj", "{CD208193-CAB9-46AD-B11C-DB1AF6419F07}"
EndProject
Global
	GlobalSection(SolutionConfigurationPlatforms) = preSolution
		Debug|Any CPU = Debug|Any CPU
		Release|Any CPU = Release|Any CPU
	EndGlobalSection
	GlobalSection(ProjectConfigurationPlatforms) = postSolution
		{CD208193-CAB9-46AD-B11C-DB1AF6419F07}.Debug|Any CPU.ActiveCfg = Debug|Any CPU
		{CD208193-CAB9-46AD-B11C-DB1AF6419F07}.Debug|Any CPU.Build.0 = Debug|Any CPU
		{CD208193-CAB9-46AD-B11C-DB1AF6419F07}.Release|Any CPU.ActiveCfg = Release|Any CPU
		{CD208193-CAB9-46AD-B11C-DB1AF6419F07}.Release|Any CPU.Build.0 = Release|Any CPU
	EndGlobalSection
	GlobalSection(SolutionProperties) = preSolution
		HideSolutionNode = FALSE
	EndGlobalSection
	GlobalSection(ExtensibilityGlobals) = postSolution
		SolutionGuid = {76090FB5-2AC3-4BB3-BDC2-A4ED17809FA4}
	EndGlobalSection
EndGlobal
